
Microsoft Visual Studio Solution File, Format Version 12.00
# Visual Studio Version 16
VisualStudioVersion = 16.0.30225.117
MinimumVisualStudioVersion = 10.0.40219.1
Project("{FAE04EC0-301F-11D3-BF4B-00C04F79EFBC}") = "00 Presentations", "00 Presentations\00 Presentations.csproj", "{0F0F40C0-E134-4748-A70F-77334E587F55}"
EndProject
Project("{9A19103F-16F7-4668-BE54-9A1E7A4F7556}") = "01 Web Programming Introduction", "01 Web Programming Introduction\01 Web Programming Introduction.csproj", "{5C6FF3DC-EB3A-489C-8D2B-6A10514AB83C}"
EndProject
Project("{9A19103F-16F7-4668-BE54-9A1E7A4F7556}") = "02 ASP.NET Introduction", "02 ASP.NET Introduction\02 ASP.NET Introduction.csproj", "{F1732B95-5F43-4981-8B2F-9415359D9916}"
EndProject
Project("{9A19103F-16F7-4668-BE54-9A1E7A4F7556}") = "03 ASP.NET Core Project Structure", "03 ASP.NET Core Project Structure\03 ASP.NET Core Project Structure.csproj", "{707F3531-8B89-4509-84C2-B40B0EA1EDBC}"
EndProject
Project("{9A19103F-16F7-4668-BE54-9A1E7A4F7556}") = "04 ASP.NET Core MVC", "04 ASP.NET Core MVC\04 ASP.NET Core MVC.csproj", "{6750CE0B-3849-4647-8716-8DA38C827C02}"
EndProject
Project("{FAE04EC0-301F-11D3-BF4B-00C04F79EFBC}") = "04 Students Homework", "04 Students Homework\04 Students Homework.csproj", "{BD57061C-E48B-4225-984D-52DD7081F44B}"
EndProject
Global
	GlobalSection(SolutionConfigurationPlatforms) = preSolution
		Debug|Any CPU = Debug|Any CPU
		Release|Any CPU = Release|Any CPU
	EndGlobalSection
	GlobalSection(ProjectConfigurationPlatforms) = postSolution
		{0F0F40C0-E134-4748-A70F-77334E587F55}.Debug|Any CPU.ActiveCfg = Debug|Any CPU
		{0F0F40C0-E134-4748-A70F-77334E587F55}.Debug|Any CPU.Build.0 = Debug|Any CPU
		{0F0F40C0-E134-4748-A70F-77334E587F55}.Release|Any CPU.ActiveCfg = Release|Any CPU
		{0F0F40C0-E134-4748-A70F-77334E587F55}.Release|Any CPU.Build.0 = Release|Any CPU
		{5C6FF3DC-EB3A-489C-8D2B-6A10514AB83C}.Debug|Any CPU.ActiveCfg = Debug|Any CPU
		{5C6FF3DC-EB3A-489C-8D2B-6A10514AB83C}.Debug|Any CPU.Build.0 = Debug|Any CPU
		{5C6FF3DC-EB3A-489C-8D2B-6A10514AB83C}.Release|Any CPU.ActiveCfg = Release|Any CPU
		{5C6FF3DC-EB3A-489C-8D2B-6A10514AB83C}.Release|Any CPU.Build.0 = Release|Any CPU
		{F1732B95-5F43-4981-8B2F-9415359D9916}.Debug|Any CPU.ActiveCfg = Debug|Any CPU
		{F1732B95-5F43-4981-8B2F-9415359D9916}.Debug|Any CPU.Build.0 = Debug|Any CPU
		{F1732B95-5F43-4981-8B2F-9415359D9916}.Release|Any CPU.ActiveCfg = Release|Any CPU
		{F1732B95-5F43-4981-8B2F-9415359D9916}.Release|Any CPU.Build.0 = Release|Any CPU
		{707F3531-8B89-4509-84C2-B40B0EA1EDBC}.Debug|Any CPU.ActiveCfg = Debug|Any CPU
		{707F3531-8B89-4509-84C2-B40B0EA1EDBC}.Debug|Any CPU.Build.0 = Debug|Any CPU
		{707F3531-8B89-4509-84C2-B40B0EA1EDBC}.Release|Any CPU.ActiveCfg = Release|Any CPU
		{707F3531-8B89-4509-84C2-B40B0EA1EDBC}.Release|Any CPU.Build.0 = Release|Any CPU
		{6750CE0B-3849-4647-8716-8DA38C827C02}.Debug|Any CPU.ActiveCfg = Debug|Any CPU
		{6750CE0B-3849-4647-8716-8DA38C827C02}.Debug|Any CPU.Build.0 = Debug|Any CPU
		{6750CE0B-3849-4647-8716-8DA38C827C02}.Release|Any CPU.ActiveCfg = Release|Any CPU
		{6750CE0B-3849-4647-8716-8DA38C827C02}.Release|Any CPU.Build.0 = Release|Any CPU
		{BD57061C-E48B-4225-984D-52DD7081F44B}.Debug|Any CPU.ActiveCfg = Debug|Any CPU
		{BD57061C-E48B-4225-984D-52DD7081F44B}.Debug|Any CPU.Build.0 = Debug|Any CPU
		{BD57061C-E48B-4225-984D-52DD7081F44B}.Release|Any CPU.ActiveCfg = Release|Any CPU
		{BD57061C-E48B-4225-984D-52DD7081F44B}.Release|Any CPU.Build.0 = Release|Any CPU
	EndGlobalSection
	GlobalSection(SolutionProperties) = preSolution
		HideSolutionNode = FALSE
	EndGlobalSection
	GlobalSection(ExtensibilityGlobals) = postSolution
		SolutionGuid = {FA993B27-0BCE-4E26-BB7C-FAC6577F94B6}
	EndGlobalSection
EndGlobal
